
Microsoft Visual Studio Solution File, Format Version 12.00
# Visual Studio Version 17
VisualStudioVersion = 17.8.36227.8
MinimumVisualStudioVersion = 10.0.40219.1
Project("{9A19103F-16F7-4668-BE54-9A1E7A4F7556}") = "School.Api", "School.Api\School.Api.csproj", "{CFF1EC8B-6BCC-47E3-A3CC-E17BC7ECE69F}"
EndProject
Project("{9A19103F-16F7-4668-BE54-9A1E7A4F7556}") = "School.Domain", "School.Domain\School.Domain.csproj", "{35F16250-89AB-406B-967C-7B6E4EA39E63}"
EndProject
Project("{9A19103F-16F7-4668-BE54-9A1E7A4F7556}") = "School.Infrastructure", "School.Infrastructure\School.Infrastructure.csproj", "{548CE3D6-74EB-4C4D-94C2-88258D9DB623}"
EndProject
Project("{FAE04EC0-301F-11D3-BF4B-00C04F79EFBC}") = "School.Core", "School.Core\School.Core.csproj", "{2516663C-2C19-4F92-96C0-32D36A53C8D4}"
EndProject
Project("{FAE04EC0-301F-11D3-BF4B-00C04F79EFBC}") = "School.Service", "School.Service\School.Service.csproj", "{C6CEBE0A-F7E9-48C1-A50F-F3EB96962CF3}"
EndProject
Global
	GlobalSection(SolutionConfigurationPlatforms) = preSolution
		Debug|Any CPU = Debug|Any CPU
		Release|Any CPU = Release|Any CPU
	EndGlobalSection
	GlobalSection(ProjectConfigurationPlatforms) = postSolution
		{CFF1EC8B-6BCC-47E3-A3CC-E17BC7ECE69F}.Debug|Any CPU.ActiveCfg = Debug|Any CPU
		{CFF1EC8B-6BCC-47E3-A3CC-E17BC7ECE69F}.Debug|Any CPU.Build.0 = Debug|Any CPU
		{CFF1EC8B-6BCC-47E3-A3CC-E17BC7ECE69F}.Release|Any CPU.ActiveCfg = Release|Any CPU
		{CFF1EC8B-6BCC-47E3-A3CC-E17BC7ECE69F}.Release|Any CPU.Build.0 = Release|Any CPU
		{35F16250-89AB-406B-967C-7B6E4EA39E63}.Debug|Any CPU.ActiveCfg = Debug|Any CPU
		{35F16250-89AB-406B-967C-7B6E4EA39E63}.Debug|Any CPU.Build.0 = Debug|Any CPU
		{35F16250-89AB-406B-967C-7B6E4EA39E63}.Release|Any CPU.ActiveCfg = Release|Any CPU
		{35F16250-89AB-406B-967C-7B6E4EA39E63}.Release|Any CPU.Build.0 = Release|Any CPU
		{548CE3D6-74EB-4C4D-94C2-88258D9DB623}.Debug|Any CPU.ActiveCfg = Debug|Any CPU
		{548CE3D6-74EB-4C4D-94C2-88258D9DB623}.Debug|Any CPU.Build.0 = Debug|Any CPU
		{548CE3D6-74EB-4C4D-94C2-88258D9DB623}.Release|Any CPU.ActiveCfg = Release|Any CPU
		{548CE3D6-74EB-4C4D-94C2-88258D9DB623}.Release|Any CPU.Build.0 = Release|Any CPU
		{2516663C-2C19-4F92-96C0-32D36A53C8D4}.Debug|Any CPU.ActiveCfg = Debug|Any CPU
		{2516663C-2C19-4F92-96C0-32D36A53C8D4}.Debug|Any CPU.Build.0 = Debug|Any CPU
		{2516663C-2C19-4F92-96C0-32D36A53C8D4}.Release|Any CPU.ActiveCfg = Release|Any CPU
		{2516663C-2C19-4F92-96C0-32D36A53C8D4}.Release|Any CPU.Build.0 = Release|Any CPU
		{C6CEBE0A-F7E9-48C1-A50F-F3EB96962CF3}.Debug|Any CPU.ActiveCfg = Debug|Any CPU
		{C6CEBE0A-F7E9-48C1-A50F-F3EB96962CF3}.Debug|Any CPU.Build.0 = Debug|Any CPU
		{C6CEBE0A-F7E9-48C1-A50F-F3EB96962CF3}.Release|Any CPU.ActiveCfg = Release|Any CPU
		{C6CEBE0A-F7E9-48C1-A50F-F3EB96962CF3}.Release|Any CPU.Build.0 = Release|Any CPU
	EndGlobalSection
	GlobalSection(SolutionProperties) = preSolution
		HideSolutionNode = FALSE
	EndGlobalSection
	GlobalSection(ExtensibilityGlobals) = postSolution
		SolutionGuid = {F0888FEC-3412-4348-87CC-1F033701EED3}
	EndGlobalSection
EndGlobal
